{
  "name": "xxhash-addon",
  "version": "3.0.0",
  "lockfileVersion": 2,
  "requires": true,
  "packages": {
    "": {
      "name": "xxhash-addon",
      "version": "3.0.0",
      "hasInstallScript": true,
      "license": "BSD-2-Clause",
      "engines": {
        "node": "^20.0.0 || ^22.0.0 || >=24.0.0"
      }
    }
  }
}
