{
  "name": "xxhash-addon",
  "version": "2.0.3",
  "lockfileVersion": 2,
  "requires": true,
  "packages": {
    "": {
      "name": "xxhash-addon",
      "version": "2.0.3",
      "hasInstallScript": true,
      "license": "BSD-2-Clause",
      "engines": {
        "node": ">=8.6.0 <9.0.0 || >=10.0.0"
      }
    }
  }
}
